
Microsoft Visual Studio Solution File, Format Version 12.00
# Visual Studio Version 16
VisualStudioVersion = 16.0.29215.179
MinimumVisualStudioVersion = 10.0.40219.1
Project("{888888A0-9F3D-457C-B088-3A5042F75D52}") = "Parcial", "Parcial\Parcial.pyproj", "{3B2F768C-BBDF-416D-848F-5D0411D4035B}"
EndProject
Global
	GlobalSection(SolutionConfigurationPlatforms) = preSolution
		Debug|Any CPU = Debug|Any CPU
		Release|Any CPU = Release|Any CPU
	EndGlobalSection
	GlobalSection(ProjectConfigurationPlatforms) = postSolution
		{3B2F768C-BBDF-416D-848F-5D0411D4035B}.Debug|Any CPU.ActiveCfg = Debug|Any CPU
		{3B2F768C-BBDF-416D-848F-5D0411D4035B}.Debug|Any CPU.Build.0 = Debug|Any CPU
		{3B2F768C-BBDF-416D-848F-5D0411D4035B}.Release|Any CPU.ActiveCfg = Release|Any CPU
		{3B2F768C-BBDF-416D-848F-5D0411D4035B}.Release|Any CPU.Build.0 = Release|Any CPU
	EndGlobalSection
	GlobalSection(SolutionProperties) = preSolution
		HideSolutionNode = FALSE
	EndGlobalSection
	GlobalSection(ExtensibilityGlobals) = postSolution
		SolutionGuid = {C8A59BC3-FA53-4277-AE18-F010B22EC9E6}
	EndGlobalSection
EndGlobal
